
Microsoft Visual Studio Solution File, Format Version 12.00
# Visual Studio Version 17
VisualStudioVersion = 17.9.34607.119
MinimumVisualStudioVersion = 10.0.40219.1
Project("{FAE04EC0-301F-11D3-BF4B-00C04F79EFBC}") = "Data_Driven_Approach", "Data_Driven_Approach\Data_Driven_Approach.csproj", "{33504AFD-09DA-4ED0-A090-23964F5DAC17}"
EndProject
Project("{FAE04EC0-301F-11D3-BF4B-00C04F79EFBC}") = "Polymorphic_Approach", "Polymorphic_Approach\Polymorphic_Approach.csproj", "{02704860-29C5-4475-8C01-EF8F69E4244F}"
EndProject
Global
	GlobalSection(SolutionConfigurationPlatforms) = preSolution
		Debug|Any CPU = Debug|Any CPU
		Release|Any CPU = Release|Any CPU
	EndGlobalSection
	GlobalSection(ProjectConfigurationPlatforms) = postSolution
		{33504AFD-09DA-4ED0-A090-23964F5DAC17}.Debug|Any CPU.ActiveCfg = Debug|Any CPU
		{33504AFD-09DA-4ED0-A090-23964F5DAC17}.Debug|Any CPU.Build.0 = Debug|Any CPU
		{33504AFD-09DA-4ED0-A090-23964F5DAC17}.Release|Any CPU.ActiveCfg = Release|Any CPU
		{33504AFD-09DA-4ED0-A090-23964F5DAC17}.Release|Any CPU.Build.0 = Release|Any CPU
		{02704860-29C5-4475-8C01-EF8F69E4244F}.Debug|Any CPU.ActiveCfg = Debug|Any CPU
		{02704860-29C5-4475-8C01-EF8F69E4244F}.Debug|Any CPU.Build.0 = Debug|Any CPU
		{02704860-29C5-4475-8C01-EF8F69E4244F}.Release|Any CPU.ActiveCfg = Release|Any CPU
		{02704860-29C5-4475-8C01-EF8F69E4244F}.Release|Any CPU.Build.0 = Release|Any CPU
	EndGlobalSection
	GlobalSection(SolutionProperties) = preSolution
		HideSolutionNode = FALSE
	EndGlobalSection
	GlobalSection(ExtensibilityGlobals) = postSolution
		SolutionGuid = {E6A93B9A-0F82-4A44-A2CC-71E2D2093C53}
	EndGlobalSection
EndGlobal
